
Microsoft Visual Studio Solution File, Format Version 12.00
# Visual Studio Version 17
VisualStudioVersion = 17.10.34928.147
MinimumVisualStudioVersion = 10.0.40219.1
Project("{FAE04EC0-301F-11D3-BF4B-00C04F79EFBC}") = "EjemploProyectoClase", "EjemploProyectoClase\EjemploProyectoClase.csproj", "{46AA6560-78A1-4DBE-8C94-540FD79B1A9A}"
EndProject
Project("{FAE04EC0-301F-11D3-BF4B-00C04F79EFBC}") = "EjemploProyectoClaseService", "EjemploProyectoClaseService\EjemploProyectoClaseService.csproj", "{9048D4FA-F82B-4C5A-8064-A061C598B5EA}"
EndProject
Global
	GlobalSection(SolutionConfigurationPlatforms) = preSolution
		Debug|Any CPU = Debug|Any CPU
		Release|Any CPU = Release|Any CPU
	EndGlobalSection
	GlobalSection(ProjectConfigurationPlatforms) = postSolution
		{46AA6560-78A1-4DBE-8C94-540FD79B1A9A}.Debug|Any CPU.ActiveCfg = Debug|Any CPU
		{46AA6560-78A1-4DBE-8C94-540FD79B1A9A}.Debug|Any CPU.Build.0 = Debug|Any CPU
		{46AA6560-78A1-4DBE-8C94-540FD79B1A9A}.Release|Any CPU.ActiveCfg = Release|Any CPU
		{46AA6560-78A1-4DBE-8C94-540FD79B1A9A}.Release|Any CPU.Build.0 = Release|Any CPU
		{9048D4FA-F82B-4C5A-8064-A061C598B5EA}.Debug|Any CPU.ActiveCfg = Debug|Any CPU
		{9048D4FA-F82B-4C5A-8064-A061C598B5EA}.Debug|Any CPU.Build.0 = Debug|Any CPU
		{9048D4FA-F82B-4C5A-8064-A061C598B5EA}.Release|Any CPU.ActiveCfg = Release|Any CPU
		{9048D4FA-F82B-4C5A-8064-A061C598B5EA}.Release|Any CPU.Build.0 = Release|Any CPU
	EndGlobalSection
	GlobalSection(SolutionProperties) = preSolution
		HideSolutionNode = FALSE
	EndGlobalSection
	GlobalSection(ExtensibilityGlobals) = postSolution
		SolutionGuid = {E652CBC5-7990-467A-93EF-EA2D90E14C12}
	EndGlobalSection
EndGlobal
